// !$*UTF8*$!
{
	archiveVersion = 1;
	classes = {
	};
	objectVersion = 48;
	objects = {

/* Begin PBXBuildFile section */
		33EB9E4C91DFBB4A8B87DC06 /* Pods_Listening.framework in Frameworks */ = {isa = PBXBuildFile; fileRef = 940FD9755B92512E63A23CF2 /* Pods_Listening.framework */; };
		6C67FE9B1F9CA35100C803B6 /* SignInCloudViewModel.swift in Sources */ = {isa = PBXBuildFile; fileRef = 6C67FE9A1F9CA35100C803B6 /* SignInCloudViewModel.swift */; };
		6C67FE9D1F9CA37100C803B6 /* Dynamic.swift in Sources */ = {isa = PBXBuildFile; fileRef = 6C67FE9C1F9CA37100C803B6 /* Dynamic.swift */; };
		6C67FE9F1F9CB44300C803B6 /* ListFilesViewModel.swift in Sources */ = {isa = PBXBuildFile; fileRef = 6C67FE9E1F9CB44300C803B6 /* ListFilesViewModel.swift */; };
		6C67FEA11F9CB5A200C803B6 /* AudioFile.swift in Sources */ = {isa = PBXBuildFile; fileRef = 6C67FEA01F9CB5A200C803B6 /* AudioFile.swift */; };
		6C67FEA31F9CB61000C803B6 /* VideoFile.swift in Sources */ = {isa = PBXBuildFile; fileRef = 6C67FEA21F9CB61000C803B6 /* VideoFile.swift */; };
		6C67FEA51F9CB61C00C803B6 /* LyricFile.swift in Sources */ = {isa = PBXBuildFile; fileRef = 6C67FEA41F9CB61C00C803B6 /* LyricFile.swift */; };
		6C67FEA71F9CB64700C803B6 /* ItemDownloaded.swift in Sources */ = {isa = PBXBuildFile; fileRef = 6C67FEA61F9CB64700C803B6 /* ItemDownloaded.swift */; };
		6C67FEAA1F9CB76900C803B6 /* FileSystemManager.swift in Sources */ = {isa = PBXBuildFile; fileRef = 6C67FEA91F9CB76900C803B6 /* FileSystemManager.swift */; };
		6C67FEAC1F9CBCB800C803B6 /* SortFilesManager.swift in Sources */ = {isa = PBXBuildFile; fileRef = 6C67FEAB1F9CBCB800C803B6 /* SortFilesManager.swift */; };
		6C67FEBE1F9CC2B300C803B6 /* Network+Authen.swift in Sources */ = {isa = PBXBuildFile; fileRef = 6C67FEBD1F9CC2B300C803B6 /* Network+Authen.swift */; };
		6C67FEC01F9CC2C600C803B6 /* Network+List.swift in Sources */ = {isa = PBXBuildFile; fileRef = 6C67FEBF1F9CC2C600C803B6 /* Network+List.swift */; };
		6C67FEC21F9CC2D200C803B6 /* Network+Download.swift in Sources */ = {isa = PBXBuildFile; fileRef = 6C67FEC11F9CC2D200C803B6 /* Network+Download.swift */; };
		6C67FEC41F9CC3B500C803B6 /* DownloadManager.swift in Sources */ = {isa = PBXBuildFile; fileRef = 6C67FEC31F9CC3B500C803B6 /* DownloadManager.swift */; };
		6C67FEC61F9CC7FC00C803B6 /* SplitDurationViewModel.swift in Sources */ = {isa = PBXBuildFile; fileRef = 6C67FEC51F9CC7FC00C803B6 /* SplitDurationViewModel.swift */; };
		6C67FEC81F9CCA4800C803B6 /* MediaControlViewModel.swift in Sources */ = {isa = PBXBuildFile; fileRef = 6C67FEC71F9CCA4800C803B6 /* MediaControlViewModel.swift */; };
		6C67FECA1F9CCBB500C803B6 /* Sentence.swift in Sources */ = {isa = PBXBuildFile; fileRef = 6C67FEC91F9CCBB500C803B6 /* Sentence.swift */; };
		6C67FECE1F9CCD7800C803B6 /* ListFilesViewController.swift in Sources */ = {isa = PBXBuildFile; fileRef = 6C67FECD1F9CCD7800C803B6 /* ListFilesViewController.swift */; };
		6C67FED01F9CCD9400C803B6 /* SplitLyricViewController.swift in Sources */ = {isa = PBXBuildFile; fileRef = 6C67FECF1F9CCD9400C803B6 /* SplitLyricViewController.swift */; };
		6C67FED21F9CCDD800C803B6 /* MediaPlayViewController.swift in Sources */ = {isa = PBXBuildFile; fileRef = 6C67FED11F9CCDD800C803B6 /* MediaPlayViewController.swift */; };
		6C67FED61F9CCE0E00C803B6 /* AuthenViewController.swift in Sources */ = {isa = PBXBuildFile; fileRef = 6C67FED51F9CCE0E00C803B6 /* AuthenViewController.swift */; };
		6C67FEDB1F9CCE5C00C803B6 /* Main.storyboard in Resources */ = {isa = PBXBuildFile; fileRef = 6C67FEDD1F9CCE5C00C803B6 /* Main.storyboard */; };
		6C67FEDF1F9CCE8400C803B6 /* BaseViewController.swift in Sources */ = {isa = PBXBuildFile; fileRef = 6C67FEDE1F9CCE8400C803B6 /* BaseViewController.swift */; };
/* End PBXBuildFile section */

/* Begin PBXFileReference section */
		6C67FE691F9C92B100C803B6 /* Listening.app */ = {isa = PBXFileReference; explicitFileType = wrapper.application; includeInIndex = 0; path = Listening.app; sourceTree = BUILT_PRODUCTS_DIR; };
		6C67FE821F9C93F000C803B6 /* AppDelegate.swift */ = {isa = PBXFileReference; lastKnownFileType = sourcecode.swift; path = AppDelegate.swift; sourceTree = "<group>"; };
		6C67FE891F9C93F000C803B6 /* Listening.xcdatamodel */ = {isa = PBXFileReference; lastKnownFileType = wrapper.xcdatamodel; path = Listening.xcdatamodel; sourceTree = "<group>"; };
		6C67FE8C1F9C93F000C803B6 /* Assets.xcassets */ = {isa = PBXFileReference; lastKnownFileType = folder.assetcatalog; path = Assets.xcassets; sourceTree = "<group>"; };
		6C67FE8E1F9C93F000C803B6 /* Info.plist */ = {isa = PBXFileReference; lastKnownFileType = text.plist.xml; path = Info.plist; sourceTree = "<group>"; };
		6C67FE921F9C93F000C803B6 /* Base */ = {isa = PBXFileReference; lastKnownFileType = file.storyboard; name = Base; path = Base.lproj/LaunchScreen.storyboard; sourceTree = "<group>"; };
		6C67FE9A1F9CA35100C803B6 /* SignInCloudViewModel.swift */ = {isa = PBXFileReference; lastKnownFileType = sourcecode.swift; path = SignInCloudViewModel.swift; sourceTree = "<group>"; };
		6C67FE9C1F9CA37100C803B6 /* Dynamic.swift */ = {isa = PBXFileReference; lastKnownFileType = sourcecode.swift; path = Dynamic.swift; sourceTree = "<group>"; };
		6C67FE9E1F9CB44300C803B6 /* ListFilesViewModel.swift */ = {isa = PBXFileReference; lastKnownFileType = sourcecode.swift; path = ListFilesViewModel.swift; sourceTree = "<group>"; };
		6C67FEA01F9CB5A200C803B6 /* AudioFile.swift */ = {isa = PBXFileReference; lastKnownFileType = sourcecode.swift; path = AudioFile.swift; sourceTree = "<group>"; };
		6C67FEA21F9CB61000C803B6 /* VideoFile.swift */ = {isa = PBXFileReference; lastKnownFileType = sourcecode.swift; path = VideoFile.swift; sourceTree = "<group>"; };
		6C67FEA41F9CB61C00C803B6 /* LyricFile.swift */ = {isa = PBXFileReference; lastKnownFileType = sourcecode.swift; path = LyricFile.swift; sourceTree = "<group>"; };
		6C67FEA61F9CB64700C803B6 /* ItemDownloaded.swift */ = {isa = PBXFileReference; lastKnownFileType = sourcecode.swift; path = ItemDownloaded.swift; sourceTree = "<group>"; };
		6C67FEA91F9CB76900C803B6 /* FileSystemManager.swift */ = {isa = PBXFileReference; lastKnownFileType = sourcecode.swift; path = FileSystemManager.swift; sourceTree = "<group>"; };
		6C67FEAB1F9CBCB800C803B6 /* SortFilesManager.swift */ = {isa = PBXFileReference; lastKnownFileType = sourcecode.swift; path = SortFilesManager.swift; sourceTree = "<group>"; };
		6C67FEBD1F9CC2B300C803B6 /* Network+Authen.swift */ = {isa = PBXFileReference; lastKnownFileType = sourcecode.swift; path = "Network+Authen.swift"; sourceTree = "<group>"; };
		6C67FEBF1F9CC2C600C803B6 /* Network+List.swift */ = {isa = PBXFileReference; lastKnownFileType = sourcecode.swift; path = "Network+List.swift"; sourceTree = "<group>"; };
		6C67FEC11F9CC2D200C803B6 /* Network+Download.swift */ = {isa = PBXFileReference; lastKnownFileType = sourcecode.swift; path = "Network+Download.swift"; sourceTree = "<group>"; };
		6C67FEC31F9CC3B500C803B6 /* DownloadManager.swift */ = {isa = PBXFileReference; lastKnownFileType = sourcecode.swift; path = DownloadManager.swift; sourceTree = "<group>"; };
		6C67FEC51F9CC7FC00C803B6 /* SplitDurationViewModel.swift */ = {isa = PBXFileReference; lastKnownFileType = sourcecode.swift; path = SplitDurationViewModel.swift; sourceTree = "<group>"; };
		6C67FEC71F9CCA4800C803B6 /* MediaControlViewModel.swift */ = {isa = PBXFileReference; lastKnownFileType = sourcecode.swift; path = MediaControlViewModel.swift; sourceTree = "<group>"; };
		6C67FEC91F9CCBB500C803B6 /* Sentence.swift */ = {isa = PBXFileReference; lastKnownFileType = sourcecode.swift; path = Sentence.swift; sourceTree = "<group>"; };
		6C67FECD1F9CCD7800C803B6 /* ListFilesViewController.swift */ = {isa = PBXFileReference; lastKnownFileType = sourcecode.swift; path = ListFilesViewController.swift; sourceTree = "<group>"; };
		6C67FECF1F9CCD9400C803B6 /* SplitLyricViewController.swift */ = {isa = PBXFileReference; lastKnownFileType = sourcecode.swift; path = SplitLyricViewController.swift; sourceTree = "<group>"; };
		6C67FED11F9CCDD800C803B6 /* MediaPlayViewController.swift */ = {isa = PBXFileReference; lastKnownFileType = sourcecode.swift; path = MediaPlayViewController.swift; sourceTree = "<group>"; };
		6C67FED51F9CCE0E00C803B6 /* AuthenViewController.swift */ = {isa = PBXFileReference; lastKnownFileType = sourcecode.swift; path = AuthenViewController.swift; sourceTree = "<group>"; };
		6C67FEDC1F9CCE5C00C803B6 /* Base */ = {isa = PBXFileReference; lastKnownFileType = file.storyboard; name = Base; path = Base.lproj/Main.storyboard; sourceTree = "<group>"; };
		6C67FEDE1F9CCE8400C803B6 /* BaseViewController.swift */ = {isa = PBXFileReference; lastKnownFileType = sourcecode.swift; path = BaseViewController.swift; sourceTree = "<group>"; };
		844F5FB4A95800F354E35D42 /* Pods-Listening.debug.xcconfig */ = {isa = PBXFileReference; includeInIndex = 1; lastKnownFileType = text.xcconfig; name = "Pods-Listening.debug.xcconfig"; path = "Pods/Target Support Files/Pods-Listening/Pods-Listening.debug.xcconfig"; sourceTree = "<group>"; };
		940FD9755B92512E63A23CF2 /* Pods_Listening.framework */ = {isa = PBXFileReference; explicitFileType = wrapper.framework; includeInIndex = 0; path = Pods_Listening.framework; sourceTree = BUILT_PRODUCTS_DIR; };
		D26382D144273AB51F7B6F08 /* Pods-Listening.release.xcconfig */ = {isa = PBXFileReference; includeInIndex = 1; lastKnownFileType = text.xcconfig; name = "Pods-Listening.release.xcconfig"; path = "Pods/Target Support Files/Pods-Listening/Pods-Listening.release.xcconfig"; sourceTree = "<group>"; };
/* End PBXFileReference section */

/* Begin PBXFrameworksBuildPhase section */
		6C67FE661F9C92B100C803B6 /* Frameworks */ = {
			isa = PBXFrameworksBuildPhase;
			buildActionMask = 2147483647;
			files = (
				33EB9E4C91DFBB4A8B87DC06 /* Pods_Listening.framework in Frameworks */,
			);
			runOnlyForDeploymentPostprocessing = 0;
		};
/* End PBXFrameworksBuildPhase section */

/* Begin PBXGroup section */
		528F524A51DE001B700DAE91 /* Pods */ = {
			isa = PBXGroup;
			children = (
				844F5FB4A95800F354E35D42 /* Pods-Listening.debug.xcconfig */,
				D26382D144273AB51F7B6F08 /* Pods-Listening.release.xcconfig */,
			);
			name = Pods;
			sourceTree = "<group>";
		};
		6C67FE601F9C92B100C803B6 = {
			isa = PBXGroup;
			children = (
				6C67FE811F9C93F000C803B6 /* Listening */,
				6C67FE6A1F9C92B100C803B6 /* Products */,
				528F524A51DE001B700DAE91 /* Pods */,
				FE9A0857795EE552F9EBA192 /* Frameworks */,
			);
			sourceTree = "<group>";
		};
		6C67FE6A1F9C92B100C803B6 /* Products */ = {
			isa = PBXGroup;
			children = (
				6C67FE691F9C92B100C803B6 /* Listening.app */,
			);
			name = Products;
			sourceTree = "<group>";
		};
		6C67FE811F9C93F000C803B6 /* Listening */ = {
			isa = PBXGroup;
			children = (
				6C67FE821F9C93F000C803B6 /* AppDelegate.swift */,
				6C67FE831F9C93F000C803B6 /* Helper */,
				6C67FEA81F9CB75100C803B6 /* Manager */,
				6C67FE871F9C93F000C803B6 /* Model */,
				6C67FE991F9CA28800C803B6 /* ViewModel */,
				6C67FE8F1F9C93F000C803B6 /* Service */,
				6C67FE901F9C93F000C803B6 /* View */,
				6C67FE961F9C93F000C803B6 /* ViewController */,
				6C67FE8A1F9C93F000C803B6 /* Resource */,
			);
			path = Listening;
			sourceTree = "<group>";
		};
		6C67FE831F9C93F000C803B6 /* Helper */ = {
			isa = PBXGroup;
			children = (
				6C67FE841F9C93F000C803B6 /* Configuration */,
				6C67FE851F9C93F000C803B6 /* Constants */,
				6C67FE861F9C93F000C803B6 /* Extension */,
			);
			path = Helper;
			sourceTree = "<group>";
		};
		6C67FE841F9C93F000C803B6 /* Configuration */ = {
			isa = PBXGroup;
			children = (
			);
			path = Configuration;
			sourceTree = "<group>";
		};
		6C67FE851F9C93F000C803B6 /* Constants */ = {
			isa = PBXGroup;
			children = (
			);
			path = Constants;
			sourceTree = "<group>";
		};
		6C67FE861F9C93F000C803B6 /* Extension */ = {
			isa = PBXGroup;
			children = (
			);
			path = Extension;
			sourceTree = "<group>";
		};
		6C67FE871F9C93F000C803B6 /* Model */ = {
			isa = PBXGroup;
			children = (
				6C67FE881F9C93F000C803B6 /* Listening.xcdatamodeld */,
				6C67FEA61F9CB64700C803B6 /* ItemDownloaded.swift */,
				6C67FEA01F9CB5A200C803B6 /* AudioFile.swift */,
				6C67FEA21F9CB61000C803B6 /* VideoFile.swift */,
				6C67FEA41F9CB61C00C803B6 /* LyricFile.swift */,
				6C67FEC91F9CCBB500C803B6 /* Sentence.swift */,
			);
			path = Model;
			sourceTree = "<group>";
		};
		6C67FE8A1F9C93F000C803B6 /* Resource */ = {
			isa = PBXGroup;
			children = (
				6C67FE8B1F9C93F000C803B6 /* Image */,
				6C67FE8D1F9C93F000C803B6 /* Info */,
			);
			path = Resource;
			sourceTree = "<group>";
		};
		6C67FE8B1F9C93F000C803B6 /* Image */ = {
			isa = PBXGroup;
			children = (
				6C67FE8C1F9C93F000C803B6 /* Assets.xcassets */,
			);
			path = Image;
			sourceTree = "<group>";
		};
		6C67FE8D1F9C93F000C803B6 /* Info */ = {
			isa = PBXGroup;
			children = (
				6C67FE8E1F9C93F000C803B6 /* Info.plist */,
			);
			path = Info;
			sourceTree = "<group>";
		};
		6C67FE8F1F9C93F000C803B6 /* Service */ = {
			isa = PBXGroup;
			children = (
				6C67FEBD1F9CC2B300C803B6 /* Network+Authen.swift */,
				6C67FEBF1F9CC2C600C803B6 /* Network+List.swift */,
				6C67FEC11F9CC2D200C803B6 /* Network+Download.swift */,
			);
			path = Service;
			sourceTree = "<group>";
		};
		6C67FE901F9C93F000C803B6 /* View */ = {
			isa = PBXGroup;
			children = (
				6C67FE951F9C93F000C803B6 /* Storyboards */,
			);
			path = View;
			sourceTree = "<group>";
		};
		6C67FE951F9C93F000C803B6 /* Storyboards */ = {
			isa = PBXGroup;
			children = (
				6C67FE911F9C93F000C803B6 /* LaunchScreen.storyboard */,
				6C67FEDD1F9CCE5C00C803B6 /* Main.storyboard */,
			);
			path = Storyboards;
			sourceTree = "<group>";
		};
		6C67FE961F9C93F000C803B6 /* ViewController */ = {
			isa = PBXGroup;
			children = (
				6C67FEDE1F9CCE8400C803B6 /* BaseViewController.swift */,
				6C67FED51F9CCE0E00C803B6 /* AuthenViewController.swift */,
				6C67FECD1F9CCD7800C803B6 /* ListFilesViewController.swift */,
				6C67FECF1F9CCD9400C803B6 /* SplitLyricViewController.swift */,
				6C67FED11F9CCDD800C803B6 /* MediaPlayViewController.swift */,
			);
			path = ViewController;
			sourceTree = "<group>";
		};
		6C67FE991F9CA28800C803B6 /* ViewModel */ = {
			isa = PBXGroup;
			children = (
				6C67FE9C1F9CA37100C803B6 /* Dynamic.swift */,
				6C67FE9A1F9CA35100C803B6 /* SignInCloudViewModel.swift */,
				6C67FE9E1F9CB44300C803B6 /* ListFilesViewModel.swift */,
				6C67FEC51F9CC7FC00C803B6 /* SplitDurationViewModel.swift */,
				6C67FEC71F9CCA4800C803B6 /* MediaControlViewModel.swift */,
			);
			path = ViewModel;
			sourceTree = "<group>";
		};
		6C67FEA81F9CB75100C803B6 /* Manager */ = {
			isa = PBXGroup;
			children = (
				6C67FEA91F9CB76900C803B6 /* FileSystemManager.swift */,
				6C67FEAB1F9CBCB800C803B6 /* SortFilesManager.swift */,
				6C67FEC31F9CC3B500C803B6 /* DownloadManager.swift */,
			);
			path = Manager;
			sourceTree = "<group>";
		};
		FE9A0857795EE552F9EBA192 /* Frameworks */ = {
			isa = PBXGroup;
			children = (
				940FD9755B92512E63A23CF2 /* Pods_Listening.framework */,
			);
			name = Frameworks;
			sourceTree = "<group>";
		};
/* End PBXGroup section */

/* Begin PBXNativeTarget section */
		6C67FE681F9C92B100C803B6 /* Listening */ = {
			isa = PBXNativeTarget;
			buildConfigurationList = 6C67FE7E1F9C92B100C803B6 /* Build configuration list for PBXNativeTarget "Listening" */;
			buildPhases = (
				B29D2D564C3783CFF81EC5F3 /* [CP] Check Pods Manifest.lock */,
				6C67FE651F9C92B100C803B6 /* Sources */,
				6C67FE661F9C92B100C803B6 /* Frameworks */,
				6C67FE671F9C92B100C803B6 /* Resources */,
				FC673332744D7232D98B41C3 /* [CP] Embed Pods Frameworks */,
				614DEAB24A025E5A57B3797F /* [CP] Copy Pods Resources */,
			);
			buildRules = (
			);
			dependencies = (
			);
			name = Listening;
			productName = Listening;
			productReference = 6C67FE691F9C92B100C803B6 /* Listening.app */;
			productType = "com.apple.product-type.application";
		};
/* End PBXNativeTarget section */

/* Begin PBXProject section */
		6C67FE611F9C92B100C803B6 /* Project object */ = {
			isa = PBXProject;
			attributes = {
				LastSwiftUpdateCheck = 0900;
				LastUpgradeCheck = 0900;
				ORGANIZATIONNAME = huydoquang;
				TargetAttributes = {
					6C67FE681F9C92B100C803B6 = {
						CreatedOnToolsVersion = 9.0;
						LastSwiftMigration = 0900;
						ProvisioningStyle = Automatic;
					};
				};
			};
			buildConfigurationList = 6C67FE641F9C92B100C803B6 /* Build configuration list for PBXProject "Listening" */;
			compatibilityVersion = "Xcode 8.0";
			developmentRegion = en;
			hasScannedForEncodings = 0;
			knownRegions = (
				en,
				Base,
			);
			mainGroup = 6C67FE601F9C92B100C803B6;
			productRefGroup = 6C67FE6A1F9C92B100C803B6 /* Products */;
			projectDirPath = "";
			projectRoot = "";
			targets = (
				6C67FE681F9C92B100C803B6 /* Listening */,
			);
		};
/* End PBXProject section */

/* Begin PBXResourcesBuildPhase section */
		6C67FE671F9C92B100C803B6 /* Resources */ = {
			isa = PBXResourcesBuildPhase;
			buildActionMask = 2147483647;
			files = (
				6C67FEDB1F9CCE5C00C803B6 /* Main.storyboard in Resources */,
			);
			runOnlyForDeploymentPostprocessing = 0;
		};
/* End PBXResourcesBuildPhase section */

/* Begin PBXShellScriptBuildPhase section */
		614DEAB24A025E5A57B3797F /* [CP] Copy Pods Resources */ = {
			isa = PBXShellScriptBuildPhase;
			buildActionMask = 2147483647;
			files = (
			);
			inputPaths = (
			);
			name = "[CP] Copy Pods Resources";
			outputPaths = (
			);
			runOnlyForDeploymentPostprocessing = 0;
			shellPath = /bin/sh;
			shellScript = "\"${SRCROOT}/Pods/Target Support Files/Pods-Listening/Pods-Listening-resources.sh\"\n";
			showEnvVarsInLog = 0;
		};
		B29D2D564C3783CFF81EC5F3 /* [CP] Check Pods Manifest.lock */ = {
			isa = PBXShellScriptBuildPhase;
			buildActionMask = 2147483647;
			files = (
			);
			inputPaths = (
			);
			name = "[CP] Check Pods Manifest.lock";
			outputPaths = (
			);
			runOnlyForDeploymentPostprocessing = 0;
			shellPath = /bin/sh;
			shellScript = "diff \"${PODS_PODFILE_DIR_PATH}/Podfile.lock\" \"${PODS_ROOT}/Manifest.lock\" > /dev/null\nif [ $? != 0 ] ; then\n    # print error to STDERR\n    echo \"error: The sandbox is not in sync with the Podfile.lock. Run 'pod install' or update your CocoaPods installation.\" >&2\n    exit 1\nfi\n";
			showEnvVarsInLog = 0;
		};
		FC673332744D7232D98B41C3 /* [CP] Embed Pods Frameworks */ = {
			isa = PBXShellScriptBuildPhase;
			buildActionMask = 2147483647;
			files = (
			);
			inputPaths = (
			);
			name = "[CP] Embed Pods Frameworks";
			outputPaths = (
			);
			runOnlyForDeploymentPostprocessing = 0;
			shellPath = /bin/sh;
			shellScript = "\"${SRCROOT}/Pods/Target Support Files/Pods-Listening/Pods-Listening-frameworks.sh\"\n";
			showEnvVarsInLog = 0;
		};
/* End PBXShellScriptBuildPhase section */

/* Begin PBXSourcesBuildPhase section */
		6C67FE651F9C92B100C803B6 /* Sources */ = {
			isa = PBXSourcesBuildPhase;
			buildActionMask = 2147483647;
			files = (
				6C67FEA71F9CB64700C803B6 /* ItemDownloaded.swift in Sources */,
				6C67FED61F9CCE0E00C803B6 /* AuthenViewController.swift in Sources */,
				6C67FEA31F9CB61000C803B6 /* VideoFile.swift in Sources */,
				6C67FEC41F9CC3B500C803B6 /* DownloadManager.swift in Sources */,
				6C67FEC61F9CC7FC00C803B6 /* SplitDurationViewModel.swift in Sources */,
				6C67FEDF1F9CCE8400C803B6 /* BaseViewController.swift in Sources */,
				6C67FEC21F9CC2D200C803B6 /* Network+Download.swift in Sources */,
				6C67FEAC1F9CBCB800C803B6 /* SortFilesManager.swift in Sources */,
				6C67FEC01F9CC2C600C803B6 /* Network+List.swift in Sources */,
				6C67FECE1F9CCD7800C803B6 /* ListFilesViewController.swift in Sources */,
				6C67FED21F9CCDD800C803B6 /* MediaPlayViewController.swift in Sources */,
				6C67FEAA1F9CB76900C803B6 /* FileSystemManager.swift in Sources */,
				6C67FEA11F9CB5A200C803B6 /* AudioFile.swift in Sources */,
				6C67FE9B1F9CA35100C803B6 /* SignInCloudViewModel.swift in Sources */,
				6C67FEA51F9CB61C00C803B6 /* LyricFile.swift in Sources */,
				6C67FE9F1F9CB44300C803B6 /* ListFilesViewModel.swift in Sources */,
				6C67FE9D1F9CA37100C803B6 /* Dynamic.swift in Sources */,
				6C67FEC81F9CCA4800C803B6 /* MediaControlViewModel.swift in Sources */,
				6C67FECA1F9CCBB500C803B6 /* Sentence.swift in Sources */,
				6C67FED01F9CCD9400C803B6 /* SplitLyricViewController.swift in Sources */,
				6C67FEBE1F9CC2B300C803B6 /* Network+Authen.swift in Sources */,
			);
			runOnlyForDeploymentPostprocessing = 0;
		};
/* End PBXSourcesBuildPhase section */

/* Begin PBXVariantGroup section */
		6C67FE911F9C93F000C803B6 /* LaunchScreen.storyboard */ = {
			isa = PBXVariantGroup;
			children = (
				6C67FE921F9C93F000C803B6 /* Base */,
			);
			name = LaunchScreen.storyboard;
			sourceTree = "<group>";
		};
		6C67FEDD1F9CCE5C00C803B6 /* Main.storyboard */ = {
			isa = PBXVariantGroup;
			children = (
				6C67FEDC1F9CCE5C00C803B6 /* Base */,
			);
			name = Main.storyboard;
			sourceTree = "<group>";
		};
/* End PBXVariantGroup section */

/* Begin XCBuildConfiguration section */
		6C67FE7C1F9C92B100C803B6 /* Debug */ = {
			isa = XCBuildConfiguration;
			buildSettings = {
				ALWAYS_SEARCH_USER_PATHS = NO;
				CLANG_ANALYZER_NONNULL = YES;
				CLANG_ANALYZER_NUMBER_OBJECT_CONVERSION = YES_AGGRESSIVE;
				CLANG_CXX_LANGUAGE_STANDARD = "gnu++14";
				CLANG_CXX_LIBRARY = "libc++";
				CLANG_ENABLE_MODULES = YES;
				CLANG_ENABLE_OBJC_ARC = YES;
				CLANG_WARN_BLOCK_CAPTURE_AUTORELEASING = YES;
				CLANG_WARN_BOOL_CONVERSION = YES;
				CLANG_WARN_COMMA = YES;
				CLANG_WARN_CONSTANT_CONVERSION = YES;
				CLANG_WARN_DIRECT_OBJC_ISA_USAGE = YES_ERROR;
				CLANG_WARN_DOCUMENTATION_COMMENTS = YES;
				CLANG_WARN_EMPTY_BODY = YES;
				CLANG_WARN_ENUM_CONVERSION = YES;
				CLANG_WARN_INFINITE_RECURSION = YES;
				CLANG_WARN_INT_CONVERSION = YES;
				CLANG_WARN_NON_LITERAL_NULL_CONVERSION = YES;
				CLANG_WARN_OBJC_LITERAL_CONVERSION = YES;
				CLANG_WARN_OBJC_ROOT_CLASS = YES_ERROR;
				CLANG_WARN_RANGE_LOOP_ANALYSIS = YES;
				CLANG_WARN_STRICT_PROTOTYPES = YES;
				CLANG_WARN_SUSPICIOUS_MOVE = YES;
				CLANG_WARN_UNGUARDED_AVAILABILITY = YES_AGGRESSIVE;
				CLANG_WARN_UNREACHABLE_CODE = YES;
				CLANG_WARN__DUPLICATE_METHOD_MATCH = YES;
				CODE_SIGN_IDENTITY = "iPhone Developer";
				COPY_PHASE_STRIP = NO;
				DEBUG_INFORMATION_FORMAT = dwarf;
				ENABLE_STRICT_OBJC_MSGSEND = YES;
				ENABLE_TESTABILITY = YES;
				GCC_C_LANGUAGE_STANDARD = gnu11;
				GCC_DYNAMIC_NO_PIC = NO;
				GCC_NO_COMMON_BLOCKS = YES;
				GCC_OPTIMIZATION_LEVEL = 0;
				GCC_PREPROCESSOR_DEFINITIONS = (
					"DEBUG=1",
					"$(inherited)",
				);
				GCC_WARN_64_TO_32_BIT_CONVERSION = YES;
				GCC_WARN_ABOUT_RETURN_TYPE = YES_ERROR;
				GCC_WARN_UNDECLARED_SELECTOR = YES;
				GCC_WARN_UNINITIALIZED_AUTOS = YES_AGGRESSIVE;
				GCC_WARN_UNUSED_FUNCTION = YES;
				GCC_WARN_UNUSED_VARIABLE = YES;
				IPHONEOS_DEPLOYMENT_TARGET = 11.0;
				MTL_ENABLE_DEBUG_INFO = YES;
				ONLY_ACTIVE_ARCH = YES;
				SDKROOT = iphoneos;
				SWIFT_ACTIVE_COMPILATION_CONDITIONS = DEBUG;
				SWIFT_OPTIMIZATION_LEVEL = "-Onone";
			};
			name = Debug;
		};
		6C67FE7D1F9C92B100C803B6 /* Release */ = {
			isa = XCBuildConfiguration;
			buildSettings = {
				ALWAYS_SEARCH_USER_PATHS = NO;
				CLANG_ANALYZER_NONNULL = YES;
				CLANG_ANALYZER_NUMBER_OBJECT_CONVERSION = YES_AGGRESSIVE;
				CLANG_CXX_LANGUAGE_STANDARD = "gnu++14";
				CLANG_CXX_LIBRARY = "libc++";
				CLANG_ENABLE_MODULES = YES;
				CLANG_ENABLE_OBJC_ARC = YES;
				CLANG_WARN_BLOCK_CAPTURE_AUTORELEASING = YES;
				CLANG_WARN_BOOL_CONVERSION = YES;
				CLANG_WARN_COMMA = YES;
				CLANG_WARN_CONSTANT_CONVERSION = YES;
				CLANG_WARN_DIRECT_OBJC_ISA_USAGE = YES_ERROR;
				CLANG_WARN_DOCUMENTATION_COMMENTS = YES;
				CLANG_WARN_EMPTY_BODY = YES;
				CLANG_WARN_ENUM_CONVERSION = YES;
				CLANG_WARN_INFINITE_RECURSION = YES;
				CLANG_WARN_INT_CONVERSION = YES;
				CLANG_WARN_NON_LITERAL_NULL_CONVERSION = YES;
				CLANG_WARN_OBJC_LITERAL_CONVERSION = YES;
				CLANG_WARN_OBJC_ROOT_CLASS = YES_ERROR;
				CLANG_WARN_RANGE_LOOP_ANALYSIS = YES;
				CLANG_WARN_STRICT_PROTOTYPES = YES;
				CLANG_WARN_SUSPICIOUS_MOVE = YES;
				CLANG_WARN_UNGUARDED_AVAILABILITY = YES_AGGRESSIVE;
				CLANG_WARN_UNREACHABLE_CODE = YES;
				CLANG_WARN__DUPLICATE_METHOD_MATCH = YES;
				CODE_SIGN_IDENTITY = "iPhone Developer";
				COPY_PHASE_STRIP = NO;
				DEBUG_INFORMATION_FORMAT = "dwarf-with-dsym";
				ENABLE_NS_ASSERTIONS = NO;
				ENABLE_STRICT_OBJC_MSGSEND = YES;
				GCC_C_LANGUAGE_STANDARD = gnu11;
				GCC_NO_COMMON_BLOCKS = YES;
				GCC_WARN_64_TO_32_BIT_CONVERSION = YES;
				GCC_WARN_ABOUT_RETURN_TYPE = YES_ERROR;
				GCC_WARN_UNDECLARED_SELECTOR = YES;
				GCC_WARN_UNINITIALIZED_AUTOS = YES_AGGRESSIVE;
				GCC_WARN_UNUSED_FUNCTION = YES;
				GCC_WARN_UNUSED_VARIABLE = YES;
				IPHONEOS_DEPLOYMENT_TARGET = 11.0;
				MTL_ENABLE_DEBUG_INFO = NO;
				SDKROOT = iphoneos;
				SWIFT_OPTIMIZATION_LEVEL = "-Owholemodule";
				VALIDATE_PRODUCT = YES;
			};
			name = Release;
		};
		6C67FE7F1F9C92B100C803B6 /* Debug */ = {
			isa = XCBuildConfiguration;
			baseConfigurationReference = 844F5FB4A95800F354E35D42 /* Pods-Listening.debug.xcconfig */;
			buildSettings = {
				ASSETCATALOG_COMPILER_APPICON_NAME = AppIcon;
				CLANG_ENABLE_MODULES = YES;
				CODE_SIGN_STYLE = Automatic;
				DEVELOPMENT_TEAM = 3ESZLRY25L;
				INFOPLIST_FILE = "$(SRCROOT)/Listening/Resource/Info/Info.plist";
				LD_RUNPATH_SEARCH_PATHS = "$(inherited) @executable_path/Frameworks";
				PRODUCT_BUNDLE_IDENTIFIER = com.mingle.Listening;
				PRODUCT_NAME = "$(TARGET_NAME)";
				SWIFT_OPTIMIZATION_LEVEL = "-Onone";
				SWIFT_VERSION = 4.0;
				TARGETED_DEVICE_FAMILY = "1,2";
			};
			name = Debug;
		};
		6C67FE801F9C92B100C803B6 /* Release */ = {
			isa = XCBuildConfiguration;
			baseConfigurationReference = D26382D144273AB51F7B6F08 /* Pods-Listening.release.xcconfig */;
			buildSettings = {
				ASSETCATALOG_COMPILER_APPICON_NAME = AppIcon;
				CLANG_ENABLE_MODULES = YES;
				CODE_SIGN_STYLE = Automatic;
				DEVELOPMENT_TEAM = 3ESZLRY25L;
				INFOPLIST_FILE = "$(SRCROOT)/Listening/Resource/Info/Info.plist";
				LD_RUNPATH_SEARCH_PATHS = "$(inherited) @executable_path/Frameworks";
				PRODUCT_BUNDLE_IDENTIFIER = com.mingle.Listening;
				PRODUCT_NAME = "$(TARGET_NAME)";
				SWIFT_VERSION = 4.0;
				TARGETED_DEVICE_FAMILY = "1,2";
			};
			name = Release;
		};
/* End XCBuildConfiguration section */

/* Begin XCConfigurationList section */
		6C67FE641F9C92B100C803B6 /* Build configuration list for PBXProject "Listening" */ = {
			isa = XCConfigurationList;
			buildConfigurations = (
				6C67FE7C1F9C92B100C803B6 /* Debug */,
				6C67FE7D1F9C92B100C803B6 /* Release */,
			);
			defaultConfigurationIsVisible = 0;
			defaultConfigurationName = Release;
		};
		6C67FE7E1F9C92B100C803B6 /* Build configuration list for PBXNativeTarget "Listening" */ = {
			isa = XCConfigurationList;
			buildConfigurations = (
				6C67FE7F1F9C92B100C803B6 /* Debug */,
				6C67FE801F9C92B100C803B6 /* Release */,
			);
			defaultConfigurationIsVisible = 0;
			defaultConfigurationName = Release;
		};
/* End XCConfigurationList section */

/* Begin XCVersionGroup section */
		6C67FE881F9C93F000C803B6 /* Listening.xcdatamodeld */ = {
			isa = XCVersionGroup;
			children = (
				6C67FE891F9C93F000C803B6 /* Listening.xcdatamodel */,
			);
			currentVersion = 6C67FE891F9C93F000C803B6 /* Listening.xcdatamodel */;
			path = Listening.xcdatamodeld;
			sourceTree = "<group>";
			versionGroupType = wrapper.xcdatamodel;
		};
/* End XCVersionGroup section */
	};
	rootObject = 6C67FE611F9C92B100C803B6 /* Project object */;
}
